
Microsoft Visual Studio Solution File, Format Version 12.00
# Visual Studio 14
VisualStudioVersion = 14.0.23107.0
MinimumVisualStudioVersion = 10.0.40219.1
Project("{8BC9CEB8-8B4A-11D0-8D11-00A0C91BC942}") = "Demo", "Demo\Demo.vcxproj", "{6AAE6035-579D-4E48-B50D-8AB186F94003}"
EndProject
Project("{8BC9CEB8-8B4A-11D0-8D11-00A0C91BC942}") = "Emp_v1", "Emp_v1\Emp_v1.vcxproj", "{51DB4CB6-B354-4E8B-B3BB-65FDA61E529C}"
EndProject
Project("{8BC9CEB8-8B4A-11D0-8D11-00A0C91BC942}") = "Emp_v2", "Emp_v2\Emp_v2.vcxproj", "{86DA4332-9E63-4A42-9C7A-D0A086EC4981}"
EndProject
Project("{8BC9CEB8-8B4A-11D0-8D11-00A0C91BC942}") = "Emp_v3", "Emp_v3\Emp_v3.vcxproj", "{07C760C7-DC94-4A08-8FD8-03EF98038861}"
EndProject
Project("{8BC9CEB8-8B4A-11D0-8D11-00A0C91BC942}") = "Emp_v4", "Emp_v4\Emp_v4.vcxproj", "{312EBACF-1BF4-4484-90AE-C4BC87542A70}"
EndProject
Project("{8BC9CEB8-8B4A-11D0-8D11-00A0C91BC942}") = "ChildCon", "ChildCon\ChildCon.vcxproj", "{40D4E39E-A63E-447E-9252-37B626F55753}"
EndProject
Project("{8BC9CEB8-8B4A-11D0-8D11-00A0C91BC942}") = "Emp_Form", "Emp_Form\Emp_Form.vcxproj", "{2A0874AB-B414-4B40-B8D0-B97998D6675A}"
EndProject
Project("{8BC9CEB8-8B4A-11D0-8D11-00A0C91BC942}") = "Emp_v6", "Emp_v6\Emp_v6.vcxproj", "{F28F620A-D985-41F7-A327-C37878C9FFCC}"
EndProject
Global
	GlobalSection(SolutionConfigurationPlatforms) = preSolution
		Debug|x64 = Debug|x64
		Debug|x86 = Debug|x86
		Release|x64 = Release|x64
		Release|x86 = Release|x86
	EndGlobalSection
	GlobalSection(ProjectConfigurationPlatforms) = postSolution
		{6AAE6035-579D-4E48-B50D-8AB186F94003}.Debug|x64.ActiveCfg = Debug|x64
		{6AAE6035-579D-4E48-B50D-8AB186F94003}.Debug|x64.Build.0 = Debug|x64
		{6AAE6035-579D-4E48-B50D-8AB186F94003}.Debug|x86.ActiveCfg = Debug|Win32
		{6AAE6035-579D-4E48-B50D-8AB186F94003}.Debug|x86.Build.0 = Debug|Win32
		{6AAE6035-579D-4E48-B50D-8AB186F94003}.Release|x64.ActiveCfg = Release|x64
		{6AAE6035-579D-4E48-B50D-8AB186F94003}.Release|x64.Build.0 = Release|x64
		{6AAE6035-579D-4E48-B50D-8AB186F94003}.Release|x86.ActiveCfg = Release|Win32
		{6AAE6035-579D-4E48-B50D-8AB186F94003}.Release|x86.Build.0 = Release|Win32
		{51DB4CB6-B354-4E8B-B3BB-65FDA61E529C}.Debug|x64.ActiveCfg = Debug|x64
		{51DB4CB6-B354-4E8B-B3BB-65FDA61E529C}.Debug|x64.Build.0 = Debug|x64
		{51DB4CB6-B354-4E8B-B3BB-65FDA61E529C}.Debug|x86.ActiveCfg = Debug|Win32
		{51DB4CB6-B354-4E8B-B3BB-65FDA61E529C}.Debug|x86.Build.0 = Debug|Win32
		{51DB4CB6-B354-4E8B-B3BB-65FDA61E529C}.Release|x64.ActiveCfg = Release|x64
		{51DB4CB6-B354-4E8B-B3BB-65FDA61E529C}.Release|x64.Build.0 = Release|x64
		{51DB4CB6-B354-4E8B-B3BB-65FDA61E529C}.Release|x86.ActiveCfg = Release|Win32
		{51DB4CB6-B354-4E8B-B3BB-65FDA61E529C}.Release|x86.Build.0 = Release|Win32
		{86DA4332-9E63-4A42-9C7A-D0A086EC4981}.Debug|x64.ActiveCfg = Debug|x64
		{86DA4332-9E63-4A42-9C7A-D0A086EC4981}.Debug|x64.Build.0 = Debug|x64
		{86DA4332-9E63-4A42-9C7A-D0A086EC4981}.Debug|x86.ActiveCfg = Debug|Win32
		{86DA4332-9E63-4A42-9C7A-D0A086EC4981}.Debug|x86.Build.0 = Debug|Win32
		{86DA4332-9E63-4A42-9C7A-D0A086EC4981}.Release|x64.ActiveCfg = Release|x64
		{86DA4332-9E63-4A42-9C7A-D0A086EC4981}.Release|x64.Build.0 = Release|x64
		{86DA4332-9E63-4A42-9C7A-D0A086EC4981}.Release|x86.ActiveCfg = Release|Win32
		{86DA4332-9E63-4A42-9C7A-D0A086EC4981}.Release|x86.Build.0 = Release|Win32
		{07C760C7-DC94-4A08-8FD8-03EF98038861}.Debug|x64.ActiveCfg = Debug|x64
		{07C760C7-DC94-4A08-8FD8-03EF98038861}.Debug|x64.Build.0 = Debug|x64
		{07C760C7-DC94-4A08-8FD8-03EF98038861}.Debug|x86.ActiveCfg = Debug|Win32
		{07C760C7-DC94-4A08-8FD8-03EF98038861}.Debug|x86.Build.0 = Debug|Win32
		{07C760C7-DC94-4A08-8FD8-03EF98038861}.Release|x64.ActiveCfg = Release|x64
		{07C760C7-DC94-4A08-8FD8-03EF98038861}.Release|x64.Build.0 = Release|x64
		{07C760C7-DC94-4A08-8FD8-03EF98038861}.Release|x86.ActiveCfg = Release|Win32
		{07C760C7-DC94-4A08-8FD8-03EF98038861}.Release|x86.Build.0 = Release|Win32
		{312EBACF-1BF4-4484-90AE-C4BC87542A70}.Debug|x64.ActiveCfg = Debug|x64
		{312EBACF-1BF4-4484-90AE-C4BC87542A70}.Debug|x64.Build.0 = Debug|x64
		{312EBACF-1BF4-4484-90AE-C4BC87542A70}.Debug|x86.ActiveCfg = Debug|Win32
		{312EBACF-1BF4-4484-90AE-C4BC87542A70}.Debug|x86.Build.0 = Debug|Win32
		{312EBACF-1BF4-4484-90AE-C4BC87542A70}.Release|x64.ActiveCfg = Release|x64
		{312EBACF-1BF4-4484-90AE-C4BC87542A70}.Release|x64.Build.0 = Release|x64
		{312EBACF-1BF4-4484-90AE-C4BC87542A70}.Release|x86.ActiveCfg = Release|Win32
		{312EBACF-1BF4-4484-90AE-C4BC87542A70}.Release|x86.Build.0 = Release|Win32
		{40D4E39E-A63E-447E-9252-37B626F55753}.Debug|x64.ActiveCfg = Debug|x64
		{40D4E39E-A63E-447E-9252-37B626F55753}.Debug|x64.Build.0 = Debug|x64
		{40D4E39E-A63E-447E-9252-37B626F55753}.Debug|x86.ActiveCfg = Debug|Win32
		{40D4E39E-A63E-447E-9252-37B626F55753}.Debug|x86.Build.0 = Debug|Win32
		{40D4E39E-A63E-447E-9252-37B626F55753}.Release|x64.ActiveCfg = Release|x64
		{40D4E39E-A63E-447E-9252-37B626F55753}.Release|x64.Build.0 = Release|x64
		{40D4E39E-A63E-447E-9252-37B626F55753}.Release|x86.ActiveCfg = Release|Win32
		{40D4E39E-A63E-447E-9252-37B626F55753}.Release|x86.Build.0 = Release|Win32
		{2A0874AB-B414-4B40-B8D0-B97998D6675A}.Debug|x64.ActiveCfg = Debug|x64
		{2A0874AB-B414-4B40-B8D0-B97998D6675A}.Debug|x64.Build.0 = Debug|x64
		{2A0874AB-B414-4B40-B8D0-B97998D6675A}.Debug|x86.ActiveCfg = Debug|Win32
		{2A0874AB-B414-4B40-B8D0-B97998D6675A}.Debug|x86.Build.0 = Debug|Win32
		{2A0874AB-B414-4B40-B8D0-B97998D6675A}.Release|x64.ActiveCfg = Release|x64
		{2A0874AB-B414-4B40-B8D0-B97998D6675A}.Release|x64.Build.0 = Release|x64
		{2A0874AB-B414-4B40-B8D0-B97998D6675A}.Release|x86.ActiveCfg = Release|Win32
		{2A0874AB-B414-4B40-B8D0-B97998D6675A}.Release|x86.Build.0 = Release|Win32
		{F28F620A-D985-41F7-A327-C37878C9FFCC}.Debug|x64.ActiveCfg = Debug|x64
		{F28F620A-D985-41F7-A327-C37878C9FFCC}.Debug|x64.Build.0 = Debug|x64
		{F28F620A-D985-41F7-A327-C37878C9FFCC}.Debug|x86.ActiveCfg = Debug|Win32
		{F28F620A-D985-41F7-A327-C37878C9FFCC}.Debug|x86.Build.0 = Debug|Win32
		{F28F620A-D985-41F7-A327-C37878C9FFCC}.Release|x64.ActiveCfg = Release|x64
		{F28F620A-D985-41F7-A327-C37878C9FFCC}.Release|x64.Build.0 = Release|x64
		{F28F620A-D985-41F7-A327-C37878C9FFCC}.Release|x86.ActiveCfg = Release|Win32
		{F28F620A-D985-41F7-A327-C37878C9FFCC}.Release|x86.Build.0 = Release|Win32
	EndGlobalSection
	GlobalSection(SolutionProperties) = preSolution
		HideSolutionNode = FALSE
	EndGlobalSection
EndGlobal
